// !$*UTF8*$!
{
	archiveVersion = 1;
	classes = {
	};
	objectVersion = 46;
	objects = {

/* Begin PBXBuildFile section */
		CD4B44B619411DE000C16000 /* FoursquareController.swift in Sources */ = {isa = PBXBuildFile; fileRef = CD4B44B519411DE000C16000 /* FoursquareController.swift */; };
		CD53E9801942736A00A8B276 /* MainViewController.swift in Sources */ = {isa = PBXBuildFile; fileRef = CD53E97E1942736A00A8B276 /* MainViewController.swift */; };
		CD53E9811942736A00A8B276 /* MainViewController.xib in Resources */ = {isa = PBXBuildFile; fileRef = CD53E97F1942736A00A8B276 /* MainViewController.xib */; };
		CDDC8931194052C9005990D7 /* main.swift in Sources */ = {isa = PBXBuildFile; fileRef = CDDC8930194052C9005990D7 /* main.swift */; };
		CDDC8933194052C9005990D7 /* AppDelegate.swift in Sources */ = {isa = PBXBuildFile; fileRef = CDDC8932194052C9005990D7 /* AppDelegate.swift */; };
		CDDC8935194052CA005990D7 /* Images.xcassets in Resources */ = {isa = PBXBuildFile; fileRef = CDDC8934194052CA005990D7 /* Images.xcassets */; };
		CDDC8938194052CA005990D7 /* MainMenu.xib in Resources */ = {isa = PBXBuildFile; fileRef = CDDC8936194052CA005990D7 /* MainMenu.xib */; };
		CDDC8944194052CA005990D7 /* FoursquareClientTests.swift in Sources */ = {isa = PBXBuildFile; fileRef = CDDC8943194052CA005990D7 /* FoursquareClientTests.swift */; };
		CDDC894E19405472005990D7 /* LocationManager.swift in Sources */ = {isa = PBXBuildFile; fileRef = CDDC894D19405472005990D7 /* LocationManager.swift */; };
		CDDC8950194054B7005990D7 /* CoreLocation.framework in Frameworks */ = {isa = PBXBuildFile; fileRef = CDDC894F194054B7005990D7 /* CoreLocation.framework */; };
/* End PBXBuildFile section */

/* Begin PBXContainerItemProxy section */
		CDDC893E194052CA005990D7 /* PBXContainerItemProxy */ = {
			isa = PBXContainerItemProxy;
			containerPortal = CDDC8923194052C9005990D7 /* Project object */;
			proxyType = 1;
			remoteGlobalIDString = CDDC892A194052C9005990D7;
			remoteInfo = FoursquareClient;
		};
/* End PBXContainerItemProxy section */

/* Begin PBXFileReference section */
		CD4B44B519411DE000C16000 /* FoursquareController.swift */ = {isa = PBXFileReference; fileEncoding = 4; lastKnownFileType = sourcecode.swift; path = FoursquareController.swift; sourceTree = "<group>"; };
		CD53E97E1942736A00A8B276 /* MainViewController.swift */ = {isa = PBXFileReference; fileEncoding = 4; lastKnownFileType = sourcecode.swift; path = MainViewController.swift; sourceTree = "<group>"; };
		CD53E97F1942736A00A8B276 /* MainViewController.xib */ = {isa = PBXFileReference; fileEncoding = 4; lastKnownFileType = file.xib; path = MainViewController.xib; sourceTree = "<group>"; };
		CDDC892B194052C9005990D7 /* FoursquareClient.app */ = {isa = PBXFileReference; explicitFileType = wrapper.application; includeInIndex = 0; path = FoursquareClient.app; sourceTree = BUILT_PRODUCTS_DIR; };
		CDDC892F194052C9005990D7 /* Info.plist */ = {isa = PBXFileReference; lastKnownFileType = text.plist.xml; path = Info.plist; sourceTree = "<group>"; };
		CDDC8930194052C9005990D7 /* main.swift */ = {isa = PBXFileReference; lastKnownFileType = sourcecode.swift; path = main.swift; sourceTree = "<group>"; };
		CDDC8932194052C9005990D7 /* AppDelegate.swift */ = {isa = PBXFileReference; lastKnownFileType = sourcecode.swift; path = AppDelegate.swift; sourceTree = "<group>"; };
		CDDC8934194052CA005990D7 /* Images.xcassets */ = {isa = PBXFileReference; lastKnownFileType = folder.assetcatalog; path = Images.xcassets; sourceTree = "<group>"; };
		CDDC8937194052CA005990D7 /* Base */ = {isa = PBXFileReference; lastKnownFileType = file.xib; name = Base; path = Base.lproj/MainMenu.xib; sourceTree = "<group>"; };
		CDDC893D194052CA005990D7 /* FoursquareClientTests.xctest */ = {isa = PBXFileReference; explicitFileType = wrapper.cfbundle; includeInIndex = 0; path = FoursquareClientTests.xctest; sourceTree = BUILT_PRODUCTS_DIR; };
		CDDC8942194052CA005990D7 /* Info.plist */ = {isa = PBXFileReference; lastKnownFileType = text.plist.xml; path = Info.plist; sourceTree = "<group>"; };
		CDDC8943194052CA005990D7 /* FoursquareClientTests.swift */ = {isa = PBXFileReference; lastKnownFileType = sourcecode.swift; path = FoursquareClientTests.swift; sourceTree = "<group>"; };
		CDDC894D19405472005990D7 /* LocationManager.swift */ = {isa = PBXFileReference; fileEncoding = 4; lastKnownFileType = sourcecode.swift; path = LocationManager.swift; sourceTree = "<group>"; };
		CDDC894F194054B7005990D7 /* CoreLocation.framework */ = {isa = PBXFileReference; lastKnownFileType = wrapper.framework; name = CoreLocation.framework; path = System/Library/Frameworks/CoreLocation.framework; sourceTree = SDKROOT; };
/* End PBXFileReference section */

/* Begin PBXFrameworksBuildPhase section */
		CDDC8928194052C9005990D7 /* Frameworks */ = {
			isa = PBXFrameworksBuildPhase;
			buildActionMask = 2147483647;
			files = (
				CDDC8950194054B7005990D7 /* CoreLocation.framework in Frameworks */,
			);
			runOnlyForDeploymentPostprocessing = 0;
		};
		CDDC893A194052CA005990D7 /* Frameworks */ = {
			isa = PBXFrameworksBuildPhase;
			buildActionMask = 2147483647;
			files = (
			);
			runOnlyForDeploymentPostprocessing = 0;
		};
/* End PBXFrameworksBuildPhase section */

/* Begin PBXGroup section */
		CDDC8922194052C9005990D7 = {
			isa = PBXGroup;
			children = (
				CDDC894F194054B7005990D7 /* CoreLocation.framework */,
				CDDC892D194052C9005990D7 /* FoursquareClient */,
				CDDC8940194052CA005990D7 /* FoursquareClientTests */,
				CDDC892C194052C9005990D7 /* Products */,
			);
			sourceTree = "<group>";
		};
		CDDC892C194052C9005990D7 /* Products */ = {
			isa = PBXGroup;
			children = (
				CDDC892B194052C9005990D7 /* FoursquareClient.app */,
				CDDC893D194052CA005990D7 /* FoursquareClientTests.xctest */,
			);
			name = Products;
			sourceTree = "<group>";
		};
		CDDC892D194052C9005990D7 /* FoursquareClient */ = {
			isa = PBXGroup;
			children = (
				CDDC8932194052C9005990D7 /* AppDelegate.swift */,
				CDDC894D19405472005990D7 /* LocationManager.swift */,
				CD4B44B519411DE000C16000 /* FoursquareController.swift */,
				CD53E97E1942736A00A8B276 /* MainViewController.swift */,
				CDDC8934194052CA005990D7 /* Images.xcassets */,
				CDDC8936194052CA005990D7 /* MainMenu.xib */,
				CD53E97F1942736A00A8B276 /* MainViewController.xib */,
				CDDC892E194052C9005990D7 /* Supporting Files */,
			);
			path = FoursquareClient;
			sourceTree = "<group>";
		};
		CDDC892E194052C9005990D7 /* Supporting Files */ = {
			isa = PBXGroup;
			children = (
				CDDC892F194052C9005990D7 /* Info.plist */,
				CDDC8930194052C9005990D7 /* main.swift */,
			);
			name = "Supporting Files";
			sourceTree = "<group>";
		};
		CDDC8940194052CA005990D7 /* FoursquareClientTests */ = {
			isa = PBXGroup;
			children = (
				CDDC8943194052CA005990D7 /* FoursquareClientTests.swift */,
				CDDC8941194052CA005990D7 /* Supporting Files */,
			);
			path = FoursquareClientTests;
			sourceTree = "<group>";
		};
		CDDC8941194052CA005990D7 /* Supporting Files */ = {
			isa = PBXGroup;
			children = (
				CDDC8942194052CA005990D7 /* Info.plist */,
			);
			name = "Supporting Files";
			sourceTree = "<group>";
		};
/* End PBXGroup section */

/* Begin PBXNativeTarget section */
		CDDC892A194052C9005990D7 /* FoursquareClient */ = {
			isa = PBXNativeTarget;
			buildConfigurationList = CDDC8947194052CA005990D7 /* Build configuration list for PBXNativeTarget "FoursquareClient" */;
			buildPhases = (
				CDDC8927194052C9005990D7 /* Sources */,
				CDDC8928194052C9005990D7 /* Frameworks */,
				CDDC8929194052C9005990D7 /* Resources */,
			);
			buildRules = (
			);
			dependencies = (
			);
			name = FoursquareClient;
			productName = FoursquareClient;
			productReference = CDDC892B194052C9005990D7 /* FoursquareClient.app */;
			productType = "com.apple.product-type.application";
		};
		CDDC893C194052CA005990D7 /* FoursquareClientTests */ = {
			isa = PBXNativeTarget;
			buildConfigurationList = CDDC894A194052CA005990D7 /* Build configuration list for PBXNativeTarget "FoursquareClientTests" */;
			buildPhases = (
				CDDC8939194052CA005990D7 /* Sources */,
				CDDC893A194052CA005990D7 /* Frameworks */,
				CDDC893B194052CA005990D7 /* Resources */,
			);
			buildRules = (
			);
			dependencies = (
				CDDC893F194052CA005990D7 /* PBXTargetDependency */,
			);
			name = FoursquareClientTests;
			productName = FoursquareClientTests;
			productReference = CDDC893D194052CA005990D7 /* FoursquareClientTests.xctest */;
			productType = "com.apple.product-type.bundle.unit-test";
		};
/* End PBXNativeTarget section */

/* Begin PBXProject section */
		CDDC8923194052C9005990D7 /* Project object */ = {
			isa = PBXProject;
			attributes = {
				LastUpgradeCheck = 0600;
				ORGANIZATIONNAME = "Patrick Steiner";
				TargetAttributes = {
					CDDC892A194052C9005990D7 = {
						CreatedOnToolsVersion = 6.0;
					};
					CDDC893C194052CA005990D7 = {
						CreatedOnToolsVersion = 6.0;
						TestTargetID = CDDC892A194052C9005990D7;
					};
				};
			};
			buildConfigurationList = CDDC8926194052C9005990D7 /* Build configuration list for PBXProject "FoursquareClient" */;
			compatibilityVersion = "Xcode 3.2";
			developmentRegion = English;
			hasScannedForEncodings = 0;
			knownRegions = (
				en,
				Base,
			);
			mainGroup = CDDC8922194052C9005990D7;
			productRefGroup = CDDC892C194052C9005990D7 /* Products */;
			projectDirPath = "";
			projectRoot = "";
			targets = (
				CDDC892A194052C9005990D7 /* FoursquareClient */,
				CDDC893C194052CA005990D7 /* FoursquareClientTests */,
			);
		};
/* End PBXProject section */

/* Begin PBXResourcesBuildPhase section */
		CDDC8929194052C9005990D7 /* Resources */ = {
			isa = PBXResourcesBuildPhase;
			buildActionMask = 2147483647;
			files = (
				CDDC8935194052CA005990D7 /* Images.xcassets in Resources */,
				CD53E9811942736A00A8B276 /* MainViewController.xib in Resources */,
				CDDC8938194052CA005990D7 /* MainMenu.xib in Resources */,
			);
			runOnlyForDeploymentPostprocessing = 0;
		};
		CDDC893B194052CA005990D7 /* Resources */ = {
			isa = PBXResourcesBuildPhase;
			buildActionMask = 2147483647;
			files = (
			);
			runOnlyForDeploymentPostprocessing = 0;
		};
/* End PBXResourcesBuildPhase section */

/* Begin PBXSourcesBuildPhase section */
		CDDC8927194052C9005990D7 /* Sources */ = {
			isa = PBXSourcesBuildPhase;
			buildActionMask = 2147483647;
			files = (
				CDDC8933194052C9005990D7 /* AppDelegate.swift in Sources */,
				CDDC8931194052C9005990D7 /* main.swift in Sources */,
				CD4B44B619411DE000C16000 /* FoursquareController.swift in Sources */,
				CDDC894E19405472005990D7 /* LocationManager.swift in Sources */,
				CD53E9801942736A00A8B276 /* MainViewController.swift in Sources */,
			);
			runOnlyForDeploymentPostprocessing = 0;
		};
		CDDC8939194052CA005990D7 /* Sources */ = {
			isa = PBXSourcesBuildPhase;
			buildActionMask = 2147483647;
			files = (
				CDDC8944194052CA005990D7 /* FoursquareClientTests.swift in Sources */,
			);
			runOnlyForDeploymentPostprocessing = 0;
		};
/* End PBXSourcesBuildPhase section */

/* Begin PBXTargetDependency section */
		CDDC893F194052CA005990D7 /* PBXTargetDependency */ = {
			isa = PBXTargetDependency;
			target = CDDC892A194052C9005990D7 /* FoursquareClient */;
			targetProxy = CDDC893E194052CA005990D7 /* PBXContainerItemProxy */;
		};
/* End PBXTargetDependency section */

/* Begin PBXVariantGroup section */
		CDDC8936194052CA005990D7 /* MainMenu.xib */ = {
			isa = PBXVariantGroup;
			children = (
				CDDC8937194052CA005990D7 /* Base */,
			);
			name = MainMenu.xib;
			sourceTree = "<group>";
		};
/* End PBXVariantGroup section */

/* Begin XCBuildConfiguration section */
		CDDC8945194052CA005990D7 /* Debug */ = {
			isa = XCBuildConfiguration;
			buildSettings = {
				ALWAYS_SEARCH_USER_PATHS = NO;
				CLANG_CXX_LANGUAGE_STANDARD = "gnu++0x";
				CLANG_CXX_LIBRARY = "libc++";
				CLANG_ENABLE_MODULES = YES;
				CLANG_ENABLE_OBJC_ARC = YES;
				CLANG_WARN_BOOL_CONVERSION = YES;
				CLANG_WARN_CONSTANT_CONVERSION = YES;
				CLANG_WARN_DIRECT_OBJC_ISA_USAGE = YES_ERROR;
				CLANG_WARN_EMPTY_BODY = YES;
				CLANG_WARN_ENUM_CONVERSION = YES;
				CLANG_WARN_INT_CONVERSION = YES;
				CLANG_WARN_OBJC_ROOT_CLASS = YES_ERROR;
				CLANG_WARN_UNREACHABLE_CODE = YES;
				CLANG_WARN__DUPLICATE_METHOD_MATCH = YES;
				CODE_SIGN_IDENTITY = "-";
				COPY_PHASE_STRIP = NO;
				ENABLE_STRICT_OBJC_MSGSEND = YES;
				GCC_C_LANGUAGE_STANDARD = gnu99;
				GCC_DYNAMIC_NO_PIC = NO;
				GCC_OPTIMIZATION_LEVEL = 0;
				GCC_PREPROCESSOR_DEFINITIONS = (
					"DEBUG=1",
					"$(inherited)",
				);
				GCC_SYMBOLS_PRIVATE_EXTERN = NO;
				GCC_WARN_64_TO_32_BIT_CONVERSION = YES;
				GCC_WARN_ABOUT_RETURN_TYPE = YES_ERROR;
				GCC_WARN_UNDECLARED_SELECTOR = YES;
				GCC_WARN_UNINITIALIZED_AUTOS = YES_AGGRESSIVE;
				GCC_WARN_UNUSED_FUNCTION = YES;
				GCC_WARN_UNUSED_VARIABLE = YES;
				MACOSX_DEPLOYMENT_TARGET = 10.9;
				METAL_ENABLE_DEBUG_INFO = YES;
				ONLY_ACTIVE_ARCH = YES;
				SDKROOT = macosx;
				SWIFT_OPTIMIZATION_LEVEL = "-Onone";
			};
			name = Debug;
		};
		CDDC8946194052CA005990D7 /* Release */ = {
			isa = XCBuildConfiguration;
			buildSettings = {
				ALWAYS_SEARCH_USER_PATHS = NO;
				CLANG_CXX_LANGUAGE_STANDARD = "gnu++0x";
				CLANG_CXX_LIBRARY = "libc++";
				CLANG_ENABLE_MODULES = YES;
				CLANG_ENABLE_OBJC_ARC = YES;
				CLANG_WARN_BOOL_CONVERSION = YES;
				CLANG_WARN_CONSTANT_CONVERSION = YES;
				CLANG_WARN_DIRECT_OBJC_ISA_USAGE = YES_ERROR;
				CLANG_WARN_EMPTY_BODY = YES;
				CLANG_WARN_ENUM_CONVERSION = YES;
				CLANG_WARN_INT_CONVERSION = YES;
				CLANG_WARN_OBJC_ROOT_CLASS = YES_ERROR;
				CLANG_WARN_UNREACHABLE_CODE = YES;
				CLANG_WARN__DUPLICATE_METHOD_MATCH = YES;
				CODE_SIGN_IDENTITY = "-";
				COPY_PHASE_STRIP = YES;
				DEBUG_INFORMATION_FORMAT = "dwarf-with-dsym";
				ENABLE_NS_ASSERTIONS = NO;
				ENABLE_STRICT_OBJC_MSGSEND = YES;
				GCC_C_LANGUAGE_STANDARD = gnu99;
				GCC_WARN_64_TO_32_BIT_CONVERSION = YES;
				GCC_WARN_ABOUT_RETURN_TYPE = YES_ERROR;
				GCC_WARN_UNDECLARED_SELECTOR = YES;
				GCC_WARN_UNINITIALIZED_AUTOS = YES_AGGRESSIVE;
				GCC_WARN_UNUSED_FUNCTION = YES;
				GCC_WARN_UNUSED_VARIABLE = YES;
				MACOSX_DEPLOYMENT_TARGET = 10.9;
				METAL_ENABLE_DEBUG_INFO = NO;
				SDKROOT = macosx;
			};
			name = Release;
		};
		CDDC8948194052CA005990D7 /* Debug */ = {
			isa = XCBuildConfiguration;
			buildSettings = {
				ASSETCATALOG_COMPILER_APPICON_NAME = AppIcon;
				COMBINE_HIDPI_IMAGES = YES;
				INFOPLIST_FILE = FoursquareClient/Info.plist;
				LD_RUNPATH_SEARCH_PATHS = "$(inherited) @executable_path/../Frameworks";
				PRODUCT_NAME = "$(TARGET_NAME)";
			};
			name = Debug;
		};
		CDDC8949194052CA005990D7 /* Release */ = {
			isa = XCBuildConfiguration;
			buildSettings = {
				ASSETCATALOG_COMPILER_APPICON_NAME = AppIcon;
				COMBINE_HIDPI_IMAGES = YES;
				INFOPLIST_FILE = FoursquareClient/Info.plist;
				LD_RUNPATH_SEARCH_PATHS = "$(inherited) @executable_path/../Frameworks";
				PRODUCT_NAME = "$(TARGET_NAME)";
			};
			name = Release;
		};
		CDDC894B194052CA005990D7 /* Debug */ = {
			isa = XCBuildConfiguration;
			buildSettings = {
				BUNDLE_LOADER = "$(BUILT_PRODUCTS_DIR)/FoursquareClient.app/Contents/MacOS/FoursquareClient";
				COMBINE_HIDPI_IMAGES = YES;
				FRAMEWORK_SEARCH_PATHS = (
					"$(DEVELOPER_FRAMEWORKS_DIR)",
					"$(inherited)",
				);
				GCC_PREPROCESSOR_DEFINITIONS = (
					"DEBUG=1",
					"$(inherited)",
				);
				INFOPLIST_FILE = FoursquareClientTests/Info.plist;
				LD_RUNPATH_SEARCH_PATHS = "$(inherited) @executable_path/../Frameworks @loader_path/../Frameworks";
				METAL_ENABLE_DEBUG_INFO = YES;
				PRODUCT_NAME = "$(TARGET_NAME)";
				TEST_HOST = "$(BUNDLE_LOADER)";
			};
			name = Debug;
		};
		CDDC894C194052CA005990D7 /* Release */ = {
			isa = XCBuildConfiguration;
			buildSettings = {
				BUNDLE_LOADER = "$(BUILT_PRODUCTS_DIR)/FoursquareClient.app/Contents/MacOS/FoursquareClient";
				COMBINE_HIDPI_IMAGES = YES;
				FRAMEWORK_SEARCH_PATHS = (
					"$(DEVELOPER_FRAMEWORKS_DIR)",
					"$(inherited)",
				);
				INFOPLIST_FILE = FoursquareClientTests/Info.plist;
				LD_RUNPATH_SEARCH_PATHS = "$(inherited) @executable_path/../Frameworks @loader_path/../Frameworks";
				METAL_ENABLE_DEBUG_INFO = NO;
				PRODUCT_NAME = "$(TARGET_NAME)";
				TEST_HOST = "$(BUNDLE_LOADER)";
			};
			name = Release;
		};
/* End XCBuildConfiguration section */

/* Begin XCConfigurationList section */
		CDDC8926194052C9005990D7 /* Build configuration list for PBXProject "FoursquareClient" */ = {
			isa = XCConfigurationList;
			buildConfigurations = (
				CDDC8945194052CA005990D7 /* Debug */,
				CDDC8946194052CA005990D7 /* Release */,
			);
			defaultConfigurationIsVisible = 0;
			defaultConfigurationName = Release;
		};
		CDDC8947194052CA005990D7 /* Build configuration list for PBXNativeTarget "FoursquareClient" */ = {
			isa = XCConfigurationList;
			buildConfigurations = (
				CDDC8948194052CA005990D7 /* Debug */,
				CDDC8949194052CA005990D7 /* Release */,
			);
			defaultConfigurationIsVisible = 0;
			defaultConfigurationName = Release;
		};
		CDDC894A194052CA005990D7 /* Build configuration list for PBXNativeTarget "FoursquareClientTests" */ = {
			isa = XCConfigurationList;
			buildConfigurations = (
				CDDC894B194052CA005990D7 /* Debug */,
				CDDC894C194052CA005990D7 /* Release */,
			);
			defaultConfigurationIsVisible = 0;
			defaultConfigurationName = Release;
		};
/* End XCConfigurationList section */
	};
	rootObject = CDDC8923194052C9005990D7 /* Project object */;
}
